{
  "name": "ln_roku_screensaver",
  "version": "1.0.0",
  "lockfileVersion": 1,
  "requires": true,
  "dependencies": {
    "if": {
      "version": "npm:roku-image-fader@0.1.0",
      "resolved": "https://registry.npmjs.org/roku-image-fader/-/roku-image-fader-0.1.0.tgz",
      "integrity": "sha512-Mxcrrl/646lB9PjeOvd7o7b2n8ag9pBiGKEQrfiMVY87dNrG9CelqLCi08UMVN82ze21knGlR0jyN1lEbvLfrQ=="
    }
  }
}
